// !$*UTF8*$!
{
	archiveVersion = 1;
	classes = {
	};
	objectVersion = 48;
	objects = {

/* Begin PBXBuildFile section */
		6D5DB41320914D7700C273FE /* Target_C.swift in Sources */ = {isa = PBXBuildFile; fileRef = 6D5DB41220914D7700C273FE /* Target_C.swift */; };
		6DC6A44A208D5C5B0014A080 /* DrugDetailViewController.swift in Sources */ = {isa = PBXBuildFile; fileRef = 6DC6A449208D5C5B0014A080 /* DrugDetailViewController.swift */; };
		6DC6A44C208D8A130014A080 /* DrugTableViewCell.swift in Sources */ = {isa = PBXBuildFile; fileRef = 6DC6A44B208D8A130014A080 /* DrugTableViewCell.swift */; };
		6DC906BA2086B3C700286AB6 /* AppDelegate.swift in Sources */ = {isa = PBXBuildFile; fileRef = 6DC906B92086B3C700286AB6 /* AppDelegate.swift */; };
		6DC906BC2086B3C700286AB6 /* ViewController.swift in Sources */ = {isa = PBXBuildFile; fileRef = 6DC906BB2086B3C700286AB6 /* ViewController.swift */; };
		6DC906BF2086B3C700286AB6 /* Main.storyboard in Resources */ = {isa = PBXBuildFile; fileRef = 6DC906BD2086B3C700286AB6 /* Main.storyboard */; };
		6DC906C12086B3C700286AB6 /* Assets.xcassets in Resources */ = {isa = PBXBuildFile; fileRef = 6DC906C02086B3C700286AB6 /* Assets.xcassets */; };
		6DC906C42086B3C700286AB6 /* LaunchScreen.storyboard in Resources */ = {isa = PBXBuildFile; fileRef = 6DC906C22086B3C700286AB6 /* LaunchScreen.storyboard */; };
		6DC906CC2086B4DB00286AB6 /* donnut.png in Resources */ = {isa = PBXBuildFile; fileRef = 6DC906CB2086B4DB00286AB6 /* donnut.png */; };
		6DC906CE2086CA4500286AB6 /* drugGene.swift in Sources */ = {isa = PBXBuildFile; fileRef = 6DC906CD2086CA4500286AB6 /* drugGene.swift */; };
		6DC906D2208AFAC600286AB6 /* loginViewController.swift in Sources */ = {isa = PBXBuildFile; fileRef = 6DC906D1208AFAC600286AB6 /* loginViewController.swift */; };
		6DC906D4208BDE9400286AB6 /* combination.swift in Sources */ = {isa = PBXBuildFile; fileRef = 6DC906D3208BDE9400286AB6 /* combination.swift */; };
		6DC906D6208BF78E00286AB6 /* combTableViewCell.swift in Sources */ = {isa = PBXBuildFile; fileRef = 6DC906D5208BF78E00286AB6 /* combTableViewCell.swift */; };
		6DC906DE208C254F00286AB6 /* dgRelData.swift in Sources */ = {isa = PBXBuildFile; fileRef = 6DC906DD208C254F00286AB6 /* dgRelData.swift */; };
/* End PBXBuildFile section */

/* Begin PBXFileReference section */
		6D5DB41220914D7700C273FE /* Target_C.swift */ = {isa = PBXFileReference; lastKnownFileType = sourcecode.swift; path = Target_C.swift; sourceTree = "<group>"; };
		6DC6A449208D5C5B0014A080 /* DrugDetailViewController.swift */ = {isa = PBXFileReference; lastKnownFileType = sourcecode.swift; path = DrugDetailViewController.swift; sourceTree = "<group>"; };
		6DC6A44B208D8A130014A080 /* DrugTableViewCell.swift */ = {isa = PBXFileReference; lastKnownFileType = sourcecode.swift; path = DrugTableViewCell.swift; sourceTree = "<group>"; };
		6DC906B62086B3C700286AB6 /* aOncology.app */ = {isa = PBXFileReference; explicitFileType = wrapper.application; includeInIndex = 0; path = aOncology.app; sourceTree = BUILT_PRODUCTS_DIR; };
		6DC906B92086B3C700286AB6 /* AppDelegate.swift */ = {isa = PBXFileReference; lastKnownFileType = sourcecode.swift; path = AppDelegate.swift; sourceTree = "<group>"; };
		6DC906BB2086B3C700286AB6 /* ViewController.swift */ = {isa = PBXFileReference; lastKnownFileType = sourcecode.swift; path = ViewController.swift; sourceTree = "<group>"; };
		6DC906BE2086B3C700286AB6 /* Base */ = {isa = PBXFileReference; lastKnownFileType = file.storyboard; name = Base; path = Base.lproj/Main.storyboard; sourceTree = "<group>"; };
		6DC906C02086B3C700286AB6 /* Assets.xcassets */ = {isa = PBXFileReference; lastKnownFileType = folder.assetcatalog; path = Assets.xcassets; sourceTree = "<group>"; };
		6DC906C32086B3C700286AB6 /* Base */ = {isa = PBXFileReference; lastKnownFileType = file.storyboard; name = Base; path = Base.lproj/LaunchScreen.storyboard; sourceTree = "<group>"; };
		6DC906C52086B3C700286AB6 /* Info.plist */ = {isa = PBXFileReference; lastKnownFileType = text.plist.xml; path = Info.plist; sourceTree = "<group>"; };
		6DC906CB2086B4DB00286AB6 /* donnut.png */ = {isa = PBXFileReference; lastKnownFileType = image.png; path = donnut.png; sourceTree = "<group>"; };
		6DC906CD2086CA4500286AB6 /* drugGene.swift */ = {isa = PBXFileReference; lastKnownFileType = sourcecode.swift; path = drugGene.swift; sourceTree = "<group>"; };
		6DC906D1208AFAC600286AB6 /* loginViewController.swift */ = {isa = PBXFileReference; lastKnownFileType = sourcecode.swift; path = loginViewController.swift; sourceTree = "<group>"; };
		6DC906D3208BDE9400286AB6 /* combination.swift */ = {isa = PBXFileReference; lastKnownFileType = sourcecode.swift; path = combination.swift; sourceTree = "<group>"; };
		6DC906D5208BF78E00286AB6 /* combTableViewCell.swift */ = {isa = PBXFileReference; lastKnownFileType = sourcecode.swift; path = combTableViewCell.swift; sourceTree = "<group>"; };
		6DC906DD208C254F00286AB6 /* dgRelData.swift */ = {isa = PBXFileReference; fileEncoding = 4; lastKnownFileType = sourcecode.swift; path = dgRelData.swift; sourceTree = "<group>"; };
/* End PBXFileReference section */

/* Begin PBXFrameworksBuildPhase section */
		6DC906B32086B3C700286AB6 /* Frameworks */ = {
			isa = PBXFrameworksBuildPhase;
			buildActionMask = 2147483647;
			files = (
			);
			runOnlyForDeploymentPostprocessing = 0;
		};
/* End PBXFrameworksBuildPhase section */

/* Begin PBXGroup section */
		6DC906AD2086B3C700286AB6 = {
			isa = PBXGroup;
			children = (
				6DC906B82086B3C700286AB6 /* aOncology */,
				6DC906B72086B3C700286AB6 /* Products */,
			);
			sourceTree = "<group>";
		};
		6DC906B72086B3C700286AB6 /* Products */ = {
			isa = PBXGroup;
			children = (
				6DC906B62086B3C700286AB6 /* aOncology.app */,
			);
			name = Products;
			sourceTree = "<group>";
		};
		6DC906B82086B3C700286AB6 /* aOncology */ = {
			isa = PBXGroup;
			children = (
				6DC906B92086B3C700286AB6 /* AppDelegate.swift */,
				6DC6A44B208D8A130014A080 /* DrugTableViewCell.swift */,
				6DC6A449208D5C5B0014A080 /* DrugDetailViewController.swift */,
				6DC906D3208BDE9400286AB6 /* combination.swift */,
				6DC906D5208BF78E00286AB6 /* combTableViewCell.swift */,
				6DC906D1208AFAC600286AB6 /* loginViewController.swift */,
				6DC906DD208C254F00286AB6 /* dgRelData.swift */,
				6DC906CD2086CA4500286AB6 /* drugGene.swift */,
				6DC906BB2086B3C700286AB6 /* ViewController.swift */,
				6D5DB41220914D7700C273FE /* Target_C.swift */,
				6DC906BD2086B3C700286AB6 /* Main.storyboard */,
				6DC906C02086B3C700286AB6 /* Assets.xcassets */,
				6DC906C22086B3C700286AB6 /* LaunchScreen.storyboard */,
				6DC906C52086B3C700286AB6 /* Info.plist */,
				6DC906CB2086B4DB00286AB6 /* donnut.png */,
			);
			path = aOncology;
			sourceTree = "<group>";
		};
/* End PBXGroup section */

/* Begin PBXNativeTarget section */
		6DC906B52086B3C700286AB6 /* aOncology */ = {
			isa = PBXNativeTarget;
			buildConfigurationList = 6DC906C82086B3C700286AB6 /* Build configuration list for PBXNativeTarget "aOncology" */;
			buildPhases = (
				6DC906B22086B3C700286AB6 /* Sources */,
				6DC906B32086B3C700286AB6 /* Frameworks */,
				6DC906B42086B3C700286AB6 /* Resources */,
			);
			buildRules = (
			);
			dependencies = (
			);
			name = aOncology;
			productName = aOncology;
			productReference = 6DC906B62086B3C700286AB6 /* aOncology.app */;
			productType = "com.apple.product-type.application";
		};
/* End PBXNativeTarget section */

/* Begin PBXProject section */
		6DC906AE2086B3C700286AB6 /* Project object */ = {
			isa = PBXProject;
			attributes = {
				LastSwiftUpdateCheck = 0910;
				LastUpgradeCheck = 0910;
				ORGANIZATIONNAME = "Philippe-Faurie";
				TargetAttributes = {
					6DC906B52086B3C700286AB6 = {
						CreatedOnToolsVersion = 9.1;
						ProvisioningStyle = Automatic;
					};
				};
			};
			buildConfigurationList = 6DC906B12086B3C700286AB6 /* Build configuration list for PBXProject "aOncology" */;
			compatibilityVersion = "Xcode 8.0";
			developmentRegion = en;
			hasScannedForEncodings = 0;
			knownRegions = (
				en,
				Base,
			);
			mainGroup = 6DC906AD2086B3C700286AB6;
			productRefGroup = 6DC906B72086B3C700286AB6 /* Products */;
			projectDirPath = "";
			projectRoot = "";
			targets = (
				6DC906B52086B3C700286AB6 /* aOncology */,
			);
		};
/* End PBXProject section */

/* Begin PBXResourcesBuildPhase section */
		6DC906B42086B3C700286AB6 /* Resources */ = {
			isa = PBXResourcesBuildPhase;
			buildActionMask = 2147483647;
			files = (
				6DC906C42086B3C700286AB6 /* LaunchScreen.storyboard in Resources */,
				6DC906CC2086B4DB00286AB6 /* donnut.png in Resources */,
				6DC906C12086B3C700286AB6 /* Assets.xcassets in Resources */,
				6DC906BF2086B3C700286AB6 /* Main.storyboard in Resources */,
			);
			runOnlyForDeploymentPostprocessing = 0;
		};
/* End PBXResourcesBuildPhase section */

/* Begin PBXSourcesBuildPhase section */
		6DC906B22086B3C700286AB6 /* Sources */ = {
			isa = PBXSourcesBuildPhase;
			buildActionMask = 2147483647;
			files = (
				6DC906D6208BF78E00286AB6 /* combTableViewCell.swift in Sources */,
				6DC906D2208AFAC600286AB6 /* loginViewController.swift in Sources */,
				6DC906BC2086B3C700286AB6 /* ViewController.swift in Sources */,
				6DC906CE2086CA4500286AB6 /* drugGene.swift in Sources */,
				6DC906BA2086B3C700286AB6 /* AppDelegate.swift in Sources */,
				6DC6A44A208D5C5B0014A080 /* DrugDetailViewController.swift in Sources */,
				6D5DB41320914D7700C273FE /* Target_C.swift in Sources */,
				6DC6A44C208D8A130014A080 /* DrugTableViewCell.swift in Sources */,
				6DC906DE208C254F00286AB6 /* dgRelData.swift in Sources */,
				6DC906D4208BDE9400286AB6 /* combination.swift in Sources */,
			);
			runOnlyForDeploymentPostprocessing = 0;
		};
/* End PBXSourcesBuildPhase section */

/* Begin PBXVariantGroup section */
		6DC906BD2086B3C700286AB6 /* Main.storyboard */ = {
			isa = PBXVariantGroup;
			children = (
				6DC906BE2086B3C700286AB6 /* Base */,
			);
			name = Main.storyboard;
			sourceTree = "<group>";
		};
		6DC906C22086B3C700286AB6 /* LaunchScreen.storyboard */ = {
			isa = PBXVariantGroup;
			children = (
				6DC906C32086B3C700286AB6 /* Base */,
			);
			name = LaunchScreen.storyboard;
			sourceTree = "<group>";
		};
/* End PBXVariantGroup section */

/* Begin XCBuildConfiguration section */
		6DC906C62086B3C700286AB6 /* Debug */ = {
			isa = XCBuildConfiguration;
			buildSettings = {
				ALWAYS_SEARCH_USER_PATHS = NO;
				CLANG_ANALYZER_NONNULL = YES;
				CLANG_ANALYZER_NUMBER_OBJECT_CONVERSION = YES_AGGRESSIVE;
				CLANG_CXX_LANGUAGE_STANDARD = "gnu++14";
				CLANG_CXX_LIBRARY = "libc++";
				CLANG_ENABLE_MODULES = YES;
				CLANG_ENABLE_OBJC_ARC = YES;
				CLANG_WARN_BLOCK_CAPTURE_AUTORELEASING = YES;
				CLANG_WARN_BOOL_CONVERSION = YES;
				CLANG_WARN_COMMA = YES;
				CLANG_WARN_CONSTANT_CONVERSION = YES;
				CLANG_WARN_DIRECT_OBJC_ISA_USAGE = YES_ERROR;
				CLANG_WARN_DOCUMENTATION_COMMENTS = YES;
				CLANG_WARN_EMPTY_BODY = YES;
				CLANG_WARN_ENUM_CONVERSION = YES;
				CLANG_WARN_INFINITE_RECURSION = YES;
				CLANG_WARN_INT_CONVERSION = YES;
				CLANG_WARN_NON_LITERAL_NULL_CONVERSION = YES;
				CLANG_WARN_OBJC_LITERAL_CONVERSION = YES;
				CLANG_WARN_OBJC_ROOT_CLASS = YES_ERROR;
				CLANG_WARN_RANGE_LOOP_ANALYSIS = YES;
				CLANG_WARN_STRICT_PROTOTYPES = YES;
				CLANG_WARN_SUSPICIOUS_MOVE = YES;
				CLANG_WARN_UNGUARDED_AVAILABILITY = YES_AGGRESSIVE;
				CLANG_WARN_UNREACHABLE_CODE = YES;
				CLANG_WARN__DUPLICATE_METHOD_MATCH = YES;
				CODE_SIGN_IDENTITY = "iPhone Developer";
				COPY_PHASE_STRIP = NO;
				DEBUG_INFORMATION_FORMAT = dwarf;
				ENABLE_STRICT_OBJC_MSGSEND = YES;
				ENABLE_TESTABILITY = YES;
				GCC_C_LANGUAGE_STANDARD = gnu11;
				GCC_DYNAMIC_NO_PIC = NO;
				GCC_NO_COMMON_BLOCKS = YES;
				GCC_OPTIMIZATION_LEVEL = 0;
				GCC_PREPROCESSOR_DEFINITIONS = (
					"DEBUG=1",
					"$(inherited)",
				);
				GCC_WARN_64_TO_32_BIT_CONVERSION = YES;
				GCC_WARN_ABOUT_RETURN_TYPE = YES_ERROR;
				GCC_WARN_UNDECLARED_SELECTOR = YES;
				GCC_WARN_UNINITIALIZED_AUTOS = YES_AGGRESSIVE;
				GCC_WARN_UNUSED_FUNCTION = YES;
				GCC_WARN_UNUSED_VARIABLE = YES;
				IPHONEOS_DEPLOYMENT_TARGET = 11.1;
				MTL_ENABLE_DEBUG_INFO = YES;
				ONLY_ACTIVE_ARCH = YES;
				SDKROOT = iphoneos;
				SWIFT_ACTIVE_COMPILATION_CONDITIONS = DEBUG;
				SWIFT_OPTIMIZATION_LEVEL = "-Onone";
			};
			name = Debug;
		};
		6DC906C72086B3C700286AB6 /* Release */ = {
			isa = XCBuildConfiguration;
			buildSettings = {
				ALWAYS_SEARCH_USER_PATHS = NO;
				CLANG_ANALYZER_NONNULL = YES;
				CLANG_ANALYZER_NUMBER_OBJECT_CONVERSION = YES_AGGRESSIVE;
				CLANG_CXX_LANGUAGE_STANDARD = "gnu++14";
				CLANG_CXX_LIBRARY = "libc++";
				CLANG_ENABLE_MODULES = YES;
				CLANG_ENABLE_OBJC_ARC = YES;
				CLANG_WARN_BLOCK_CAPTURE_AUTORELEASING = YES;
				CLANG_WARN_BOOL_CONVERSION = YES;
				CLANG_WARN_COMMA = YES;
				CLANG_WARN_CONSTANT_CONVERSION = YES;
				CLANG_WARN_DIRECT_OBJC_ISA_USAGE = YES_ERROR;
				CLANG_WARN_DOCUMENTATION_COMMENTS = YES;
				CLANG_WARN_EMPTY_BODY = YES;
				CLANG_WARN_ENUM_CONVERSION = YES;
				CLANG_WARN_INFINITE_RECURSION = YES;
				CLANG_WARN_INT_CONVERSION = YES;
				CLANG_WARN_NON_LITERAL_NULL_CONVERSION = YES;
				CLANG_WARN_OBJC_LITERAL_CONVERSION = YES;
				CLANG_WARN_OBJC_ROOT_CLASS = YES_ERROR;
				CLANG_WARN_RANGE_LOOP_ANALYSIS = YES;
				CLANG_WARN_STRICT_PROTOTYPES = YES;
				CLANG_WARN_SUSPICIOUS_MOVE = YES;
				CLANG_WARN_UNGUARDED_AVAILABILITY = YES_AGGRESSIVE;
				CLANG_WARN_UNREACHABLE_CODE = YES;
				CLANG_WARN__DUPLICATE_METHOD_MATCH = YES;
				CODE_SIGN_IDENTITY = "iPhone Developer";
				COPY_PHASE_STRIP = NO;
				DEBUG_INFORMATION_FORMAT = "dwarf-with-dsym";
				ENABLE_NS_ASSERTIONS = NO;
				ENABLE_STRICT_OBJC_MSGSEND = YES;
				GCC_C_LANGUAGE_STANDARD = gnu11;
				GCC_NO_COMMON_BLOCKS = YES;
				GCC_WARN_64_TO_32_BIT_CONVERSION = YES;
				GCC_WARN_ABOUT_RETURN_TYPE = YES_ERROR;
				GCC_WARN_UNDECLARED_SELECTOR = YES;
				GCC_WARN_UNINITIALIZED_AUTOS = YES_AGGRESSIVE;
				GCC_WARN_UNUSED_FUNCTION = YES;
				GCC_WARN_UNUSED_VARIABLE = YES;
				IPHONEOS_DEPLOYMENT_TARGET = 11.1;
				MTL_ENABLE_DEBUG_INFO = NO;
				SDKROOT = iphoneos;
				SWIFT_OPTIMIZATION_LEVEL = "-Owholemodule";
				VALIDATE_PRODUCT = YES;
			};
			name = Release;
		};
		6DC906C92086B3C700286AB6 /* Debug */ = {
			isa = XCBuildConfiguration;
			buildSettings = {
				ASSETCATALOG_COMPILER_APPICON_NAME = AppIcon;
				CODE_SIGN_STYLE = Automatic;
				INFOPLIST_FILE = aOncology/Info.plist;
				LD_RUNPATH_SEARCH_PATHS = "$(inherited) @executable_path/Frameworks";
				PRODUCT_BUNDLE_IDENTIFIER = com.mine.aOncology;
				PRODUCT_NAME = "$(TARGET_NAME)";
				SWIFT_VERSION = 4.0;
				TARGETED_DEVICE_FAMILY = 2;
			};
			name = Debug;
		};
		6DC906CA2086B3C700286AB6 /* Release */ = {
			isa = XCBuildConfiguration;
			buildSettings = {
				ASSETCATALOG_COMPILER_APPICON_NAME = AppIcon;
				CODE_SIGN_STYLE = Automatic;
				INFOPLIST_FILE = aOncology/Info.plist;
				LD_RUNPATH_SEARCH_PATHS = "$(inherited) @executable_path/Frameworks";
				PRODUCT_BUNDLE_IDENTIFIER = com.mine.aOncology;
				PRODUCT_NAME = "$(TARGET_NAME)";
				SWIFT_VERSION = 4.0;
				TARGETED_DEVICE_FAMILY = 2;
			};
			name = Release;
		};
/* End XCBuildConfiguration section */

/* Begin XCConfigurationList section */
		6DC906B12086B3C700286AB6 /* Build configuration list for PBXProject "aOncology" */ = {
			isa = XCConfigurationList;
			buildConfigurations = (
				6DC906C62086B3C700286AB6 /* Debug */,
				6DC906C72086B3C700286AB6 /* Release */,
			);
			defaultConfigurationIsVisible = 0;
			defaultConfigurationName = Release;
		};
		6DC906C82086B3C700286AB6 /* Build configuration list for PBXNativeTarget "aOncology" */ = {
			isa = XCConfigurationList;
			buildConfigurations = (
				6DC906C92086B3C700286AB6 /* Debug */,
				6DC906CA2086B3C700286AB6 /* Release */,
			);
			defaultConfigurationIsVisible = 0;
			defaultConfigurationName = Release;
		};
/* End XCConfigurationList section */
	};
	rootObject = 6DC906AE2086B3C700286AB6 /* Project object */;
}
